
Microsoft Visual Studio Solution File, Format Version 12.00
# Visual Studio Version 17
VisualStudioVersion = 17.6.33815.320
MinimumVisualStudioVersion = 10.0.40219.1
Project("{FAE04EC0-301F-11D3-BF4B-00C04F79EFBC}") = "PofC_Form_HT", "PofC_Form_HT\PofC_Form_HT.csproj", "{3EA75758-CDD4-48F5-AE0C-42E1190D5FCB}"
EndProject
Global
	GlobalSection(SolutionConfigurationPlatforms) = preSolution
		Debug|Any CPU = Debug|Any CPU
		Release|Any CPU = Release|Any CPU
	EndGlobalSection
	GlobalSection(ProjectConfigurationPlatforms) = postSolution
		{3EA75758-CDD4-48F5-AE0C-42E1190D5FCB}.Debug|Any CPU.ActiveCfg = Debug|Any CPU
		{3EA75758-CDD4-48F5-AE0C-42E1190D5FCB}.Debug|Any CPU.Build.0 = Debug|Any CPU
		{3EA75758-CDD4-48F5-AE0C-42E1190D5FCB}.Release|Any CPU.ActiveCfg = Release|Any CPU
		{3EA75758-CDD4-48F5-AE0C-42E1190D5FCB}.Release|Any CPU.Build.0 = Release|Any CPU
	EndGlobalSection
	GlobalSection(SolutionProperties) = preSolution
		HideSolutionNode = FALSE
	EndGlobalSection
	GlobalSection(ExtensibilityGlobals) = postSolution
		SolutionGuid = {88AF0A1A-6436-44D5-BDD1-4FB71E7BC42F}
	EndGlobalSection
EndGlobal
